
Microsoft Visual Studio Solution File, Format Version 12.00
# Visual Studio Version 17
VisualStudioVersion = 17.11.35327.3
MinimumVisualStudioVersion = 10.0.40219.1
Project("{FAE04EC0-301F-11D3-BF4B-00C04F79EFBC}") = "Sbuchea_Tudor_Lab1", "Sbuchea_Tudor_Lab1.csproj", "{BD5D2216-17DA-4D30-82C1-5F9968763C72}"
EndProject
Global
	GlobalSection(SolutionConfigurationPlatforms) = preSolution
		Debug|Any CPU = Debug|Any CPU
		Release|Any CPU = Release|Any CPU
	EndGlobalSection
	GlobalSection(ProjectConfigurationPlatforms) = postSolution
		{BD5D2216-17DA-4D30-82C1-5F9968763C72}.Debug|Any CPU.ActiveCfg = Debug|Any CPU
		{BD5D2216-17DA-4D30-82C1-5F9968763C72}.Debug|Any CPU.Build.0 = Debug|Any CPU
		{BD5D2216-17DA-4D30-82C1-5F9968763C72}.Release|Any CPU.ActiveCfg = Release|Any CPU
		{BD5D2216-17DA-4D30-82C1-5F9968763C72}.Release|Any CPU.Build.0 = Release|Any CPU
	EndGlobalSection
	GlobalSection(SolutionProperties) = preSolution
		HideSolutionNode = FALSE
	EndGlobalSection
	GlobalSection(ExtensibilityGlobals) = postSolution
		SolutionGuid = {E5D80BF0-4945-4BA6-829C-2E29012A6554}
	EndGlobalSection
EndGlobal
